
Microsoft Visual Studio Solution File, Format Version 12.00
# Visual Studio Version 17
VisualStudioVersion = 17.4.33122.133
MinimumVisualStudioVersion = 10.0.40219.1
Project("{FAE04EC0-301F-11D3-BF4B-00C04F79EFBC}") = "SilevisHackathon.Api", "src\SilevisHackathon.Api\SilevisHackathon.Api.csproj", "{9D80210E-EF0C-4779-846F-3F34318BFCC9}"
EndProject
Project("{FAE04EC0-301F-11D3-BF4B-00C04F79EFBC}") = "SilevisHackathon.Domain", "src\SilevisHackathon.Domain\SilevisHackathon.Domain.csproj", "{6B548149-7272-434E-B5BA-194AD44F96A5}"
EndProject
Project("{FAE04EC0-301F-11D3-BF4B-00C04F79EFBC}") = "SilevisHackathon.Application", "src\SilevisHackathon.Application\SilevisHackathon.Application.csproj", "{62ED1559-9D8F-45CF-8201-BA7CD2829E7A}"
EndProject
Project("{FAE04EC0-301F-11D3-BF4B-00C04F79EFBC}") = "SilevisHackathon.Infrastructure", "src\SilevisHackathon.Infrastructure\SilevisHackathon.Infrastructure.csproj", "{3919D7C4-0E7D-4168-B830-C44EBACB6735}"
EndProject
Global
	GlobalSection(SolutionConfigurationPlatforms) = preSolution
		Debug|Any CPU = Debug|Any CPU
		Release|Any CPU = Release|Any CPU
	EndGlobalSection
	GlobalSection(ProjectConfigurationPlatforms) = postSolution
		{9D80210E-EF0C-4779-846F-3F34318BFCC9}.Debug|Any CPU.ActiveCfg = Debug|Any CPU
		{9D80210E-EF0C-4779-846F-3F34318BFCC9}.Debug|Any CPU.Build.0 = Debug|Any CPU
		{9D80210E-EF0C-4779-846F-3F34318BFCC9}.Release|Any CPU.ActiveCfg = Release|Any CPU
		{9D80210E-EF0C-4779-846F-3F34318BFCC9}.Release|Any CPU.Build.0 = Release|Any CPU
		{6B548149-7272-434E-B5BA-194AD44F96A5}.Debug|Any CPU.ActiveCfg = Debug|Any CPU
		{6B548149-7272-434E-B5BA-194AD44F96A5}.Debug|Any CPU.Build.0 = Debug|Any CPU
		{6B548149-7272-434E-B5BA-194AD44F96A5}.Release|Any CPU.ActiveCfg = Release|Any CPU
		{6B548149-7272-434E-B5BA-194AD44F96A5}.Release|Any CPU.Build.0 = Release|Any CPU
		{62ED1559-9D8F-45CF-8201-BA7CD2829E7A}.Debug|Any CPU.ActiveCfg = Debug|Any CPU
		{62ED1559-9D8F-45CF-8201-BA7CD2829E7A}.Debug|Any CPU.Build.0 = Debug|Any CPU
		{62ED1559-9D8F-45CF-8201-BA7CD2829E7A}.Release|Any CPU.ActiveCfg = Release|Any CPU
		{62ED1559-9D8F-45CF-8201-BA7CD2829E7A}.Release|Any CPU.Build.0 = Release|Any CPU
		{3919D7C4-0E7D-4168-B830-C44EBACB6735}.Debug|Any CPU.ActiveCfg = Debug|Any CPU
		{3919D7C4-0E7D-4168-B830-C44EBACB6735}.Debug|Any CPU.Build.0 = Debug|Any CPU
		{3919D7C4-0E7D-4168-B830-C44EBACB6735}.Release|Any CPU.ActiveCfg = Release|Any CPU
		{3919D7C4-0E7D-4168-B830-C44EBACB6735}.Release|Any CPU.Build.0 = Release|Any CPU
	EndGlobalSection
	GlobalSection(SolutionProperties) = preSolution
		HideSolutionNode = FALSE
	EndGlobalSection
	GlobalSection(ExtensibilityGlobals) = postSolution
		SolutionGuid = {C705E841-32C8-4C1F-84F3-DDDA619800C9}
	EndGlobalSection
EndGlobal
